// !$*UTF8*$!
{
	archiveVersion = 1;
	classes = {
	};
	objectVersion = 48;
	objects = {

/* Begin PBXBuildFile section */
		47574C0720BFFA7F0019550C /* Chaincode.pbobjc.m in Sources */ = {isa = PBXBuildFile; fileRef = 47574C0620BFFA7F0019550C /* Chaincode.pbobjc.m */; settings = {COMPILER_FLAGS = "-fno-objc-arc"; }; };
		47574C1F20C062650019550C /* NSData+HexString.m in Sources */ = {isa = PBXBuildFile; fileRef = 47574C1E20C062650019550C /* NSData+HexString.m */; };
		7F7532A17C531A1FB75FEE87 /* libPods-cryptoclient_demo_ios.a in Frameworks */ = {isa = PBXBuildFile; fileRef = EAE1B256E8F01CA0012F46ED /* libPods-cryptoclient_demo_ios.a */; };
		E257362B20BE509900A5BB53 /* AppDelegate.m in Sources */ = {isa = PBXBuildFile; fileRef = E257362A20BE509900A5BB53 /* AppDelegate.m */; };
		E257362E20BE509900A5BB53 /* ViewController.m in Sources */ = {isa = PBXBuildFile; fileRef = E257362D20BE509900A5BB53 /* ViewController.m */; };
		E257363120BE509900A5BB53 /* Main.storyboard in Resources */ = {isa = PBXBuildFile; fileRef = E257362F20BE509900A5BB53 /* Main.storyboard */; };
		E257363320BE509B00A5BB53 /* Assets.xcassets in Resources */ = {isa = PBXBuildFile; fileRef = E257363220BE509B00A5BB53 /* Assets.xcassets */; };
		E257363620BE509B00A5BB53 /* LaunchScreen.storyboard in Resources */ = {isa = PBXBuildFile; fileRef = E257363420BE509B00A5BB53 /* LaunchScreen.storyboard */; };
		E257363920BE509B00A5BB53 /* main.m in Sources */ = {isa = PBXBuildFile; fileRef = E257363820BE509B00A5BB53 /* main.m */; };
		E257364320BE509B00A5BB53 /* cryptoclient_demo_iosTests.m in Sources */ = {isa = PBXBuildFile; fileRef = E257364220BE509B00A5BB53 /* cryptoclient_demo_iosTests.m */; };
		E257364E20BE509B00A5BB53 /* cryptoclient_demo_iosUITests.m in Sources */ = {isa = PBXBuildFile; fileRef = E257364D20BE509B00A5BB53 /* cryptoclient_demo_iosUITests.m */; };
		E257365D20BE57F700A5BB53 /* CryptoClient.m in Sources */ = {isa = PBXBuildFile; fileRef = E257365C20BE57F700A5BB53 /* CryptoClient.m */; };
		E257366620BE60C600A5BB53 /* keccak_f.c in Sources */ = {isa = PBXBuildFile; fileRef = E257366120BE60C600A5BB53 /* keccak_f.c */; };
		E257366720BE60C600A5BB53 /* round.c in Sources */ = {isa = PBXBuildFile; fileRef = E257366320BE60C600A5BB53 /* round.c */; };
		E257366820BE60C600A5BB53 /* sponge.c in Sources */ = {isa = PBXBuildFile; fileRef = E257366520BE60C600A5BB53 /* sponge.c */; };
/* End PBXBuildFile section */

/* Begin PBXContainerItemProxy section */
		E257363F20BE509B00A5BB53 /* PBXContainerItemProxy */ = {
			isa = PBXContainerItemProxy;
			containerPortal = E257361E20BE509900A5BB53 /* Project object */;
			proxyType = 1;
			remoteGlobalIDString = E257362520BE509900A5BB53;
			remoteInfo = cryptoclient_demo_ios;
		};
		E257364A20BE509B00A5BB53 /* PBXContainerItemProxy */ = {
			isa = PBXContainerItemProxy;
			containerPortal = E257361E20BE509900A5BB53 /* Project object */;
			proxyType = 1;
			remoteGlobalIDString = E257362520BE509900A5BB53;
			remoteInfo = cryptoclient_demo_ios;
		};
/* End PBXContainerItemProxy section */

/* Begin PBXFileReference section */
		47574C0520BFFA7A0019550C /* Chaincode.pbobjc.h */ = {isa = PBXFileReference; fileEncoding = 4; lastKnownFileType = sourcecode.c.h; path = Chaincode.pbobjc.h; sourceTree = "<group>"; };
		47574C0620BFFA7F0019550C /* Chaincode.pbobjc.m */ = {isa = PBXFileReference; fileEncoding = 4; lastKnownFileType = sourcecode.c.objc; path = Chaincode.pbobjc.m; sourceTree = "<group>"; };
		47574C1E20C062650019550C /* NSData+HexString.m */ = {isa = PBXFileReference; fileEncoding = 4; lastKnownFileType = sourcecode.c.objc; path = "NSData+HexString.m"; sourceTree = "<group>"; };
		47574C2020C062830019550C /* NSData+HexString.h */ = {isa = PBXFileReference; fileEncoding = 4; lastKnownFileType = sourcecode.c.h; path = "NSData+HexString.h"; sourceTree = "<group>"; };
		5F9FE1893B86A1CAA87BB5FB /* Pods-cryptoclient_demo_ios.release.xcconfig */ = {isa = PBXFileReference; includeInIndex = 1; lastKnownFileType = text.xcconfig; name = "Pods-cryptoclient_demo_ios.release.xcconfig"; path = "Pods/Target Support Files/Pods-cryptoclient_demo_ios/Pods-cryptoclient_demo_ios.release.xcconfig"; sourceTree = "<group>"; };
		63D5685FC8DA96B70B9AE2FD /* Pods-cryptoclient_demo_ios.debug.xcconfig */ = {isa = PBXFileReference; includeInIndex = 1; lastKnownFileType = text.xcconfig; name = "Pods-cryptoclient_demo_ios.debug.xcconfig"; path = "Pods/Target Support Files/Pods-cryptoclient_demo_ios/Pods-cryptoclient_demo_ios.debug.xcconfig"; sourceTree = "<group>"; };
		E257362620BE509900A5BB53 /* cryptoclient_demo_ios.app */ = {isa = PBXFileReference; explicitFileType = wrapper.application; includeInIndex = 0; path = cryptoclient_demo_ios.app; sourceTree = BUILT_PRODUCTS_DIR; };
		E257362920BE509900A5BB53 /* AppDelegate.h */ = {isa = PBXFileReference; lastKnownFileType = sourcecode.c.h; path = AppDelegate.h; sourceTree = "<group>"; };
		E257362A20BE509900A5BB53 /* AppDelegate.m */ = {isa = PBXFileReference; lastKnownFileType = sourcecode.c.objc; path = AppDelegate.m; sourceTree = "<group>"; };
		E257362C20BE509900A5BB53 /* ViewController.h */ = {isa = PBXFileReference; lastKnownFileType = sourcecode.c.h; path = ViewController.h; sourceTree = "<group>"; };
		E257362D20BE509900A5BB53 /* ViewController.m */ = {isa = PBXFileReference; lastKnownFileType = sourcecode.c.objc; path = ViewController.m; sourceTree = "<group>"; };
		E257363020BE509900A5BB53 /* Base */ = {isa = PBXFileReference; lastKnownFileType = file.storyboard; name = Base; path = Base.lproj/Main.storyboard; sourceTree = "<group>"; };
		E257363220BE509B00A5BB53 /* Assets.xcassets */ = {isa = PBXFileReference; lastKnownFileType = folder.assetcatalog; path = Assets.xcassets; sourceTree = "<group>"; };
		E257363520BE509B00A5BB53 /* Base */ = {isa = PBXFileReference; lastKnownFileType = file.storyboard; name = Base; path = Base.lproj/LaunchScreen.storyboard; sourceTree = "<group>"; };
		E257363720BE509B00A5BB53 /* Info.plist */ = {isa = PBXFileReference; lastKnownFileType = text.plist.xml; path = Info.plist; sourceTree = "<group>"; };
		E257363820BE509B00A5BB53 /* main.m */ = {isa = PBXFileReference; lastKnownFileType = sourcecode.c.objc; path = main.m; sourceTree = "<group>"; };
		E257363E20BE509B00A5BB53 /* cryptoclient_demo_iosTests.xctest */ = {isa = PBXFileReference; explicitFileType = wrapper.cfbundle; includeInIndex = 0; path = cryptoclient_demo_iosTests.xctest; sourceTree = BUILT_PRODUCTS_DIR; };
		E257364220BE509B00A5BB53 /* cryptoclient_demo_iosTests.m */ = {isa = PBXFileReference; lastKnownFileType = sourcecode.c.objc; path = cryptoclient_demo_iosTests.m; sourceTree = "<group>"; };
		E257364420BE509B00A5BB53 /* Info.plist */ = {isa = PBXFileReference; lastKnownFileType = text.plist.xml; path = Info.plist; sourceTree = "<group>"; };
		E257364920BE509B00A5BB53 /* cryptoclient_demo_iosUITests.xctest */ = {isa = PBXFileReference; explicitFileType = wrapper.cfbundle; includeInIndex = 0; path = cryptoclient_demo_iosUITests.xctest; sourceTree = BUILT_PRODUCTS_DIR; };
		E257364D20BE509B00A5BB53 /* cryptoclient_demo_iosUITests.m */ = {isa = PBXFileReference; lastKnownFileType = sourcecode.c.objc; path = cryptoclient_demo_iosUITests.m; sourceTree = "<group>"; };
		E257364F20BE509B00A5BB53 /* Info.plist */ = {isa = PBXFileReference; lastKnownFileType = text.plist.xml; path = Info.plist; sourceTree = "<group>"; };
		E257365C20BE57F700A5BB53 /* CryptoClient.m */ = {isa = PBXFileReference; lastKnownFileType = sourcecode.c.objc; path = CryptoClient.m; sourceTree = "<group>"; };
		E257365E20BE580200A5BB53 /* CryptoClient.h */ = {isa = PBXFileReference; lastKnownFileType = sourcecode.c.h; path = CryptoClient.h; sourceTree = "<group>"; };
		E257366020BE60C600A5BB53 /* sponge.h */ = {isa = PBXFileReference; fileEncoding = 4; lastKnownFileType = sourcecode.c.h; path = sponge.h; sourceTree = "<group>"; };
		E257366120BE60C600A5BB53 /* keccak_f.c */ = {isa = PBXFileReference; fileEncoding = 4; lastKnownFileType = sourcecode.c.c; path = keccak_f.c; sourceTree = "<group>"; };
		E257366220BE60C600A5BB53 /* round.h */ = {isa = PBXFileReference; fileEncoding = 4; lastKnownFileType = sourcecode.c.h; path = round.h; sourceTree = "<group>"; };
		E257366320BE60C600A5BB53 /* round.c */ = {isa = PBXFileReference; fileEncoding = 4; lastKnownFileType = sourcecode.c.c; path = round.c; sourceTree = "<group>"; };
		E257366420BE60C600A5BB53 /* keccak_f.h */ = {isa = PBXFileReference; fileEncoding = 4; lastKnownFileType = sourcecode.c.h; path = keccak_f.h; sourceTree = "<group>"; };
		E257366520BE60C600A5BB53 /* sponge.c */ = {isa = PBXFileReference; fileEncoding = 4; lastKnownFileType = sourcecode.c.c; path = sponge.c; sourceTree = "<group>"; };
		EAE1B256E8F01CA0012F46ED /* libPods-cryptoclient_demo_ios.a */ = {isa = PBXFileReference; explicitFileType = archive.ar; includeInIndex = 0; path = "libPods-cryptoclient_demo_ios.a"; sourceTree = BUILT_PRODUCTS_DIR; };
/* End PBXFileReference section */

/* Begin PBXFrameworksBuildPhase section */
		E257362320BE509900A5BB53 /* Frameworks */ = {
			isa = PBXFrameworksBuildPhase;
			buildActionMask = 2147483647;
			files = (
				7F7532A17C531A1FB75FEE87 /* libPods-cryptoclient_demo_ios.a in Frameworks */,
			);
			runOnlyForDeploymentPostprocessing = 0;
		};
		E257363B20BE509B00A5BB53 /* Frameworks */ = {
			isa = PBXFrameworksBuildPhase;
			buildActionMask = 2147483647;
			files = (
			);
			runOnlyForDeploymentPostprocessing = 0;
		};
		E257364620BE509B00A5BB53 /* Frameworks */ = {
			isa = PBXFrameworksBuildPhase;
			buildActionMask = 2147483647;
			files = (
			);
			runOnlyForDeploymentPostprocessing = 0;
		};
/* End PBXFrameworksBuildPhase section */

/* Begin PBXGroup section */
		34BAD51AC9F69661DFB5673F /* Frameworks */ = {
			isa = PBXGroup;
			children = (
				EAE1B256E8F01CA0012F46ED /* libPods-cryptoclient_demo_ios.a */,
			);
			name = Frameworks;
			sourceTree = "<group>";
		};
		3F1E7BB2B65DF1E45612132A /* Pods */ = {
			isa = PBXGroup;
			children = (
				63D5685FC8DA96B70B9AE2FD /* Pods-cryptoclient_demo_ios.debug.xcconfig */,
				5F9FE1893B86A1CAA87BB5FB /* Pods-cryptoclient_demo_ios.release.xcconfig */,
			);
			name = Pods;
			sourceTree = "<group>";
		};
		47574BFF20BFF5EA0019550C /* protobuf */ = {
			isa = PBXGroup;
			children = (
				47574C0520BFFA7A0019550C /* Chaincode.pbobjc.h */,
				47574C0620BFFA7F0019550C /* Chaincode.pbobjc.m */,
			);
			path = protobuf;
			sourceTree = "<group>";
		};
		E257361D20BE509900A5BB53 = {
			isa = PBXGroup;
			children = (
				E257362820BE509900A5BB53 /* cryptoclient_demo_ios */,
				E257364120BE509B00A5BB53 /* cryptoclient_demo_iosTests */,
				E257364C20BE509B00A5BB53 /* cryptoclient_demo_iosUITests */,
				E257362720BE509900A5BB53 /* Products */,
				3F1E7BB2B65DF1E45612132A /* Pods */,
				34BAD51AC9F69661DFB5673F /* Frameworks */,
			);
			sourceTree = "<group>";
		};
		E257362720BE509900A5BB53 /* Products */ = {
			isa = PBXGroup;
			children = (
				E257362620BE509900A5BB53 /* cryptoclient_demo_ios.app */,
				E257363E20BE509B00A5BB53 /* cryptoclient_demo_iosTests.xctest */,
				E257364920BE509B00A5BB53 /* cryptoclient_demo_iosUITests.xctest */,
			);
			name = Products;
			sourceTree = "<group>";
		};
		E257362820BE509900A5BB53 /* cryptoclient_demo_ios */ = {
			isa = PBXGroup;
			children = (
				E257365B20BE57CD00A5BB53 /* crypto */,
				E257362920BE509900A5BB53 /* AppDelegate.h */,
				E257362A20BE509900A5BB53 /* AppDelegate.m */,
				E257362C20BE509900A5BB53 /* ViewController.h */,
				E257362D20BE509900A5BB53 /* ViewController.m */,
				E257362F20BE509900A5BB53 /* Main.storyboard */,
				E257363220BE509B00A5BB53 /* Assets.xcassets */,
				E257363420BE509B00A5BB53 /* LaunchScreen.storyboard */,
				E257363720BE509B00A5BB53 /* Info.plist */,
				E257363820BE509B00A5BB53 /* main.m */,
			);
			path = cryptoclient_demo_ios;
			sourceTree = "<group>";
		};
		E257364120BE509B00A5BB53 /* cryptoclient_demo_iosTests */ = {
			isa = PBXGroup;
			children = (
				E257364220BE509B00A5BB53 /* cryptoclient_demo_iosTests.m */,
				E257364420BE509B00A5BB53 /* Info.plist */,
			);
			path = cryptoclient_demo_iosTests;
			sourceTree = "<group>";
		};
		E257364C20BE509B00A5BB53 /* cryptoclient_demo_iosUITests */ = {
			isa = PBXGroup;
			children = (
				E257364D20BE509B00A5BB53 /* cryptoclient_demo_iosUITests.m */,
				E257364F20BE509B00A5BB53 /* Info.plist */,
			);
			path = cryptoclient_demo_iosUITests;
			sourceTree = "<group>";
		};
		E257365B20BE57CD00A5BB53 /* crypto */ = {
			isa = PBXGroup;
			children = (
				47574BFF20BFF5EA0019550C /* protobuf */,
				E257365F20BE60C600A5BB53 /* sha3-256 */,
				E257365E20BE580200A5BB53 /* CryptoClient.h */,
				E257365C20BE57F700A5BB53 /* CryptoClient.m */,
			);
			path = crypto;
			sourceTree = "<group>";
		};
		E257365F20BE60C600A5BB53 /* sha3-256 */ = {
			isa = PBXGroup;
			children = (
				47574C2020C062830019550C /* NSData+HexString.h */,
				47574C1E20C062650019550C /* NSData+HexString.m */,
				E257366020BE60C600A5BB53 /* sponge.h */,
				E257366120BE60C600A5BB53 /* keccak_f.c */,
				E257366220BE60C600A5BB53 /* round.h */,
				E257366320BE60C600A5BB53 /* round.c */,
				E257366420BE60C600A5BB53 /* keccak_f.h */,
				E257366520BE60C600A5BB53 /* sponge.c */,
			);
			path = "sha3-256";
			sourceTree = "<group>";
		};
/* End PBXGroup section */

/* Begin PBXNativeTarget section */
		E257362520BE509900A5BB53 /* cryptoclient_demo_ios */ = {
			isa = PBXNativeTarget;
			buildConfigurationList = E257365220BE509B00A5BB53 /* Build configuration list for PBXNativeTarget "cryptoclient_demo_ios" */;
			buildPhases = (
				763A5A862395213663440FA8 /* [CP] Check Pods Manifest.lock */,
				E257362220BE509900A5BB53 /* Sources */,
				E257362320BE509900A5BB53 /* Frameworks */,
				E257362420BE509900A5BB53 /* Resources */,
				69B50EB194DDB84665733554 /* [CP] Embed Pods Frameworks */,
				96F0DDB618DBCE5D2152B0EB /* [CP] Copy Pods Resources */,
			);
			buildRules = (
			);
			dependencies = (
			);
			name = cryptoclient_demo_ios;
			productName = cryptoclient_demo_ios;
			productReference = E257362620BE509900A5BB53 /* cryptoclient_demo_ios.app */;
			productType = "com.apple.product-type.application";
		};
		E257363D20BE509B00A5BB53 /* cryptoclient_demo_iosTests */ = {
			isa = PBXNativeTarget;
			buildConfigurationList = E257365520BE509B00A5BB53 /* Build configuration list for PBXNativeTarget "cryptoclient_demo_iosTests" */;
			buildPhases = (
				E257363A20BE509B00A5BB53 /* Sources */,
				E257363B20BE509B00A5BB53 /* Frameworks */,
				E257363C20BE509B00A5BB53 /* Resources */,
			);
			buildRules = (
			);
			dependencies = (
				E257364020BE509B00A5BB53 /* PBXTargetDependency */,
			);
			name = cryptoclient_demo_iosTests;
			productName = cryptoclient_demo_iosTests;
			productReference = E257363E20BE509B00A5BB53 /* cryptoclient_demo_iosTests.xctest */;
			productType = "com.apple.product-type.bundle.unit-test";
		};
		E257364820BE509B00A5BB53 /* cryptoclient_demo_iosUITests */ = {
			isa = PBXNativeTarget;
			buildConfigurationList = E257365820BE509B00A5BB53 /* Build configuration list for PBXNativeTarget "cryptoclient_demo_iosUITests" */;
			buildPhases = (
				E257364520BE509B00A5BB53 /* Sources */,
				E257364620BE509B00A5BB53 /* Frameworks */,
				E257364720BE509B00A5BB53 /* Resources */,
			);
			buildRules = (
			);
			dependencies = (
				E257364B20BE509B00A5BB53 /* PBXTargetDependency */,
			);
			name = cryptoclient_demo_iosUITests;
			productName = cryptoclient_demo_iosUITests;
			productReference = E257364920BE509B00A5BB53 /* cryptoclient_demo_iosUITests.xctest */;
			productType = "com.apple.product-type.bundle.ui-testing";
		};
/* End PBXNativeTarget section */

/* Begin PBXProject section */
		E257361E20BE509900A5BB53 /* Project object */ = {
			isa = PBXProject;
			attributes = {
				LastUpgradeCheck = 0930;
				ORGANIZATIONNAME = inklabsfoundation;
				TargetAttributes = {
					E257362520BE509900A5BB53 = {
						CreatedOnToolsVersion = 9.3.1;
						ProvisioningStyle = Automatic;
					};
					E257363D20BE509B00A5BB53 = {
						CreatedOnToolsVersion = 9.3.1;
						ProvisioningStyle = Automatic;
						TestTargetID = E257362520BE509900A5BB53;
					};
					E257364820BE509B00A5BB53 = {
						CreatedOnToolsVersion = 9.3.1;
						ProvisioningStyle = Automatic;
						TestTargetID = E257362520BE509900A5BB53;
					};
				};
			};
			buildConfigurationList = E257362120BE509900A5BB53 /* Build configuration list for PBXProject "cryptoclient_demo_ios" */;
			compatibilityVersion = "Xcode 8.0";
			developmentRegion = en;
			hasScannedForEncodings = 0;
			knownRegions = (
				en,
				Base,
			);
			mainGroup = E257361D20BE509900A5BB53;
			productRefGroup = E257362720BE509900A5BB53 /* Products */;
			projectDirPath = "";
			projectRoot = "";
			targets = (
				E257362520BE509900A5BB53 /* cryptoclient_demo_ios */,
				E257363D20BE509B00A5BB53 /* cryptoclient_demo_iosTests */,
				E257364820BE509B00A5BB53 /* cryptoclient_demo_iosUITests */,
			);
		};
/* End PBXProject section */

/* Begin PBXResourcesBuildPhase section */
		E257362420BE509900A5BB53 /* Resources */ = {
			isa = PBXResourcesBuildPhase;
			buildActionMask = 2147483647;
			files = (
				E257363620BE509B00A5BB53 /* LaunchScreen.storyboard in Resources */,
				E257363320BE509B00A5BB53 /* Assets.xcassets in Resources */,
				E257363120BE509900A5BB53 /* Main.storyboard in Resources */,
			);
			runOnlyForDeploymentPostprocessing = 0;
		};
		E257363C20BE509B00A5BB53 /* Resources */ = {
			isa = PBXResourcesBuildPhase;
			buildActionMask = 2147483647;
			files = (
			);
			runOnlyForDeploymentPostprocessing = 0;
		};
		E257364720BE509B00A5BB53 /* Resources */ = {
			isa = PBXResourcesBuildPhase;
			buildActionMask = 2147483647;
			files = (
			);
			runOnlyForDeploymentPostprocessing = 0;
		};
/* End PBXResourcesBuildPhase section */

/* Begin PBXShellScriptBuildPhase section */
		69B50EB194DDB84665733554 /* [CP] Embed Pods Frameworks */ = {
			isa = PBXShellScriptBuildPhase;
			buildActionMask = 2147483647;
			files = (
			);
			inputPaths = (
			);
			name = "[CP] Embed Pods Frameworks";
			outputPaths = (
			);
			runOnlyForDeploymentPostprocessing = 0;
			shellPath = /bin/sh;
			shellScript = "\"${SRCROOT}/Pods/Target Support Files/Pods-cryptoclient_demo_ios/Pods-cryptoclient_demo_ios-frameworks.sh\"\n";
			showEnvVarsInLog = 0;
		};
		763A5A862395213663440FA8 /* [CP] Check Pods Manifest.lock */ = {
			isa = PBXShellScriptBuildPhase;
			buildActionMask = 2147483647;
			files = (
			);
			inputPaths = (
				"${PODS_PODFILE_DIR_PATH}/Podfile.lock",
				"${PODS_ROOT}/Manifest.lock",
			);
			name = "[CP] Check Pods Manifest.lock";
			outputPaths = (
				"$(DERIVED_FILE_DIR)/Pods-cryptoclient_demo_ios-checkManifestLockResult.txt",
			);
			runOnlyForDeploymentPostprocessing = 0;
			shellPath = /bin/sh;
			shellScript = "diff \"${PODS_PODFILE_DIR_PATH}/Podfile.lock\" \"${PODS_ROOT}/Manifest.lock\" > /dev/null\nif [ $? != 0 ] ; then\n    # print error to STDERR\n    echo \"error: The sandbox is not in sync with the Podfile.lock. Run 'pod install' or update your CocoaPods installation.\" >&2\n    exit 1\nfi\n# This output is used by Xcode 'outputs' to avoid re-running this script phase.\necho \"SUCCESS\" > \"${SCRIPT_OUTPUT_FILE_0}\"\n";
			showEnvVarsInLog = 0;
		};
		96F0DDB618DBCE5D2152B0EB /* [CP] Copy Pods Resources */ = {
			isa = PBXShellScriptBuildPhase;
			buildActionMask = 2147483647;
			files = (
			);
			inputPaths = (
			);
			name = "[CP] Copy Pods Resources";
			outputPaths = (
			);
			runOnlyForDeploymentPostprocessing = 0;
			shellPath = /bin/sh;
			shellScript = "\"${SRCROOT}/Pods/Target Support Files/Pods-cryptoclient_demo_ios/Pods-cryptoclient_demo_ios-resources.sh\"\n";
			showEnvVarsInLog = 0;
		};
/* End PBXShellScriptBuildPhase section */

/* Begin PBXSourcesBuildPhase section */
		E257362220BE509900A5BB53 /* Sources */ = {
			isa = PBXSourcesBuildPhase;
			buildActionMask = 2147483647;
			files = (
				E257366720BE60C600A5BB53 /* round.c in Sources */,
				47574C0720BFFA7F0019550C /* Chaincode.pbobjc.m in Sources */,
				E257362E20BE509900A5BB53 /* ViewController.m in Sources */,
				E257365D20BE57F700A5BB53 /* CryptoClient.m in Sources */,
				47574C1F20C062650019550C /* NSData+HexString.m in Sources */,
				E257366620BE60C600A5BB53 /* keccak_f.c in Sources */,
				E257366820BE60C600A5BB53 /* sponge.c in Sources */,
				E257363920BE509B00A5BB53 /* main.m in Sources */,
				E257362B20BE509900A5BB53 /* AppDelegate.m in Sources */,
			);
			runOnlyForDeploymentPostprocessing = 0;
		};
		E257363A20BE509B00A5BB53 /* Sources */ = {
			isa = PBXSourcesBuildPhase;
			buildActionMask = 2147483647;
			files = (
				E257364320BE509B00A5BB53 /* cryptoclient_demo_iosTests.m in Sources */,
			);
			runOnlyForDeploymentPostprocessing = 0;
		};
		E257364520BE509B00A5BB53 /* Sources */ = {
			isa = PBXSourcesBuildPhase;
			buildActionMask = 2147483647;
			files = (
				E257364E20BE509B00A5BB53 /* cryptoclient_demo_iosUITests.m in Sources */,
			);
			runOnlyForDeploymentPostprocessing = 0;
		};
/* End PBXSourcesBuildPhase section */

/* Begin PBXTargetDependency section */
		E257364020BE509B00A5BB53 /* PBXTargetDependency */ = {
			isa = PBXTargetDependency;
			target = E257362520BE509900A5BB53 /* cryptoclient_demo_ios */;
			targetProxy = E257363F20BE509B00A5BB53 /* PBXContainerItemProxy */;
		};
		E257364B20BE509B00A5BB53 /* PBXTargetDependency */ = {
			isa = PBXTargetDependency;
			target = E257362520BE509900A5BB53 /* cryptoclient_demo_ios */;
			targetProxy = E257364A20BE509B00A5BB53 /* PBXContainerItemProxy */;
		};
/* End PBXTargetDependency section */

/* Begin PBXVariantGroup section */
		E257362F20BE509900A5BB53 /* Main.storyboard */ = {
			isa = PBXVariantGroup;
			children = (
				E257363020BE509900A5BB53 /* Base */,
			);
			name = Main.storyboard;
			sourceTree = "<group>";
		};
		E257363420BE509B00A5BB53 /* LaunchScreen.storyboard */ = {
			isa = PBXVariantGroup;
			children = (
				E257363520BE509B00A5BB53 /* Base */,
			);
			name = LaunchScreen.storyboard;
			sourceTree = "<group>";
		};
/* End PBXVariantGroup section */

/* Begin XCBuildConfiguration section */
		E257365020BE509B00A5BB53 /* Debug */ = {
			isa = XCBuildConfiguration;
			buildSettings = {
				ALWAYS_SEARCH_USER_PATHS = NO;
				CLANG_ANALYZER_NONNULL = YES;
				CLANG_ANALYZER_NUMBER_OBJECT_CONVERSION = YES_AGGRESSIVE;
				CLANG_CXX_LANGUAGE_STANDARD = "gnu++14";
				CLANG_CXX_LIBRARY = "libc++";
				CLANG_ENABLE_MODULES = YES;
				CLANG_ENABLE_OBJC_ARC = YES;
				CLANG_ENABLE_OBJC_WEAK = YES;
				CLANG_WARN_BLOCK_CAPTURE_AUTORELEASING = YES;
				CLANG_WARN_BOOL_CONVERSION = YES;
				CLANG_WARN_COMMA = YES;
				CLANG_WARN_CONSTANT_CONVERSION = YES;
				CLANG_WARN_DEPRECATED_OBJC_IMPLEMENTATIONS = YES;
				CLANG_WARN_DIRECT_OBJC_ISA_USAGE = YES_ERROR;
				CLANG_WARN_DOCUMENTATION_COMMENTS = YES;
				CLANG_WARN_EMPTY_BODY = YES;
				CLANG_WARN_ENUM_CONVERSION = YES;
				CLANG_WARN_INFINITE_RECURSION = YES;
				CLANG_WARN_INT_CONVERSION = YES;
				CLANG_WARN_NON_LITERAL_NULL_CONVERSION = YES;
				CLANG_WARN_OBJC_IMPLICIT_RETAIN_SELF = YES;
				CLANG_WARN_OBJC_LITERAL_CONVERSION = YES;
				CLANG_WARN_OBJC_ROOT_CLASS = YES_ERROR;
				CLANG_WARN_RANGE_LOOP_ANALYSIS = YES;
				CLANG_WARN_STRICT_PROTOTYPES = YES;
				CLANG_WARN_SUSPICIOUS_MOVE = YES;
				CLANG_WARN_UNGUARDED_AVAILABILITY = YES_AGGRESSIVE;
				CLANG_WARN_UNREACHABLE_CODE = YES;
				CLANG_WARN__DUPLICATE_METHOD_MATCH = YES;
				CODE_SIGN_IDENTITY = "iPhone Developer";
				COPY_PHASE_STRIP = NO;
				DEBUG_INFORMATION_FORMAT = dwarf;
				ENABLE_STRICT_OBJC_MSGSEND = YES;
				ENABLE_TESTABILITY = YES;
				GCC_C_LANGUAGE_STANDARD = gnu11;
				GCC_DYNAMIC_NO_PIC = NO;
				GCC_NO_COMMON_BLOCKS = YES;
				GCC_OPTIMIZATION_LEVEL = 0;
				GCC_PREPROCESSOR_DEFINITIONS = (
					"DEBUG=1",
					"$(inherited)",
				);
				GCC_WARN_64_TO_32_BIT_CONVERSION = YES;
				GCC_WARN_ABOUT_RETURN_TYPE = YES_ERROR;
				GCC_WARN_UNDECLARED_SELECTOR = YES;
				GCC_WARN_UNINITIALIZED_AUTOS = YES_AGGRESSIVE;
				GCC_WARN_UNUSED_FUNCTION = YES;
				GCC_WARN_UNUSED_VARIABLE = YES;
				IPHONEOS_DEPLOYMENT_TARGET = 11.3;
				MTL_ENABLE_DEBUG_INFO = YES;
				ONLY_ACTIVE_ARCH = YES;
				SDKROOT = iphoneos;
			};
			name = Debug;
		};
		E257365120BE509B00A5BB53 /* Release */ = {
			isa = XCBuildConfiguration;
			buildSettings = {
				ALWAYS_SEARCH_USER_PATHS = NO;
				CLANG_ANALYZER_NONNULL = YES;
				CLANG_ANALYZER_NUMBER_OBJECT_CONVERSION = YES_AGGRESSIVE;
				CLANG_CXX_LANGUAGE_STANDARD = "gnu++14";
				CLANG_CXX_LIBRARY = "libc++";
				CLANG_ENABLE_MODULES = YES;
				CLANG_ENABLE_OBJC_ARC = YES;
				CLANG_ENABLE_OBJC_WEAK = YES;
				CLANG_WARN_BLOCK_CAPTURE_AUTORELEASING = YES;
				CLANG_WARN_BOOL_CONVERSION = YES;
				CLANG_WARN_COMMA = YES;
				CLANG_WARN_CONSTANT_CONVERSION = YES;
				CLANG_WARN_DEPRECATED_OBJC_IMPLEMENTATIONS = YES;
				CLANG_WARN_DIRECT_OBJC_ISA_USAGE = YES_ERROR;
				CLANG_WARN_DOCUMENTATION_COMMENTS = YES;
				CLANG_WARN_EMPTY_BODY = YES;
				CLANG_WARN_ENUM_CONVERSION = YES;
				CLANG_WARN_INFINITE_RECURSION = YES;
				CLANG_WARN_INT_CONVERSION = YES;
				CLANG_WARN_NON_LITERAL_NULL_CONVERSION = YES;
				CLANG_WARN_OBJC_IMPLICIT_RETAIN_SELF = YES;
				CLANG_WARN_OBJC_LITERAL_CONVERSION = YES;
				CLANG_WARN_OBJC_ROOT_CLASS = YES_ERROR;
				CLANG_WARN_RANGE_LOOP_ANALYSIS = YES;
				CLANG_WARN_STRICT_PROTOTYPES = YES;
				CLANG_WARN_SUSPICIOUS_MOVE = YES;
				CLANG_WARN_UNGUARDED_AVAILABILITY = YES_AGGRESSIVE;
				CLANG_WARN_UNREACHABLE_CODE = YES;
				CLANG_WARN__DUPLICATE_METHOD_MATCH = YES;
				CODE_SIGN_IDENTITY = "iPhone Developer";
				COPY_PHASE_STRIP = NO;
				DEBUG_INFORMATION_FORMAT = "dwarf-with-dsym";
				ENABLE_NS_ASSERTIONS = NO;
				ENABLE_STRICT_OBJC_MSGSEND = YES;
				GCC_C_LANGUAGE_STANDARD = gnu11;
				GCC_NO_COMMON_BLOCKS = YES;
				GCC_WARN_64_TO_32_BIT_CONVERSION = YES;
				GCC_WARN_ABOUT_RETURN_TYPE = YES_ERROR;
				GCC_WARN_UNDECLARED_SELECTOR = YES;
				GCC_WARN_UNINITIALIZED_AUTOS = YES_AGGRESSIVE;
				GCC_WARN_UNUSED_FUNCTION = YES;
				GCC_WARN_UNUSED_VARIABLE = YES;
				IPHONEOS_DEPLOYMENT_TARGET = 11.3;
				MTL_ENABLE_DEBUG_INFO = NO;
				SDKROOT = iphoneos;
				VALIDATE_PRODUCT = YES;
			};
			name = Release;
		};
		E257365320BE509B00A5BB53 /* Debug */ = {
			isa = XCBuildConfiguration;
			baseConfigurationReference = 63D5685FC8DA96B70B9AE2FD /* Pods-cryptoclient_demo_ios.debug.xcconfig */;
			buildSettings = {
				ASSETCATALOG_COMPILER_APPICON_NAME = AppIcon;
				CLANG_ENABLE_OBJC_ARC = YES;
				CODE_SIGN_STYLE = Automatic;
				DEVELOPMENT_TEAM = 635C78CHRJ;
				INFOPLIST_FILE = cryptoclient_demo_ios/Info.plist;
				LD_RUNPATH_SEARCH_PATHS = "$(inherited) @executable_path/Frameworks";
				LIBRARY_SEARCH_PATHS = (
					"$(inherited)",
					"$(PROJECT_DIR)/cryptoclient_demo_ios/crypto/secp256k1",
				);
				PRODUCT_BUNDLE_IDENTIFIER = "org.inklabsfoundation.cryptoclient-demo-ios";
				PRODUCT_NAME = "$(TARGET_NAME)";
				TARGETED_DEVICE_FAMILY = "1,2";
			};
			name = Debug;
		};
		E257365420BE509B00A5BB53 /* Release */ = {
			isa = XCBuildConfiguration;
			baseConfigurationReference = 5F9FE1893B86A1CAA87BB5FB /* Pods-cryptoclient_demo_ios.release.xcconfig */;
			buildSettings = {
				ASSETCATALOG_COMPILER_APPICON_NAME = AppIcon;
				CLANG_ENABLE_OBJC_ARC = YES;
				CODE_SIGN_STYLE = Automatic;
				DEVELOPMENT_TEAM = 635C78CHRJ;
				INFOPLIST_FILE = cryptoclient_demo_ios/Info.plist;
				LD_RUNPATH_SEARCH_PATHS = "$(inherited) @executable_path/Frameworks";
				LIBRARY_SEARCH_PATHS = (
					"$(inherited)",
					"$(PROJECT_DIR)/cryptoclient_demo_ios/crypto/secp256k1",
				);
				PRODUCT_BUNDLE_IDENTIFIER = "org.inklabsfoundation.cryptoclient-demo-ios";
				PRODUCT_NAME = "$(TARGET_NAME)";
				TARGETED_DEVICE_FAMILY = "1,2";
			};
			name = Release;
		};
		E257365620BE509B00A5BB53 /* Debug */ = {
			isa = XCBuildConfiguration;
			buildSettings = {
				BUNDLE_LOADER = "$(TEST_HOST)";
				CODE_SIGN_STYLE = Automatic;
				INFOPLIST_FILE = cryptoclient_demo_iosTests/Info.plist;
				LD_RUNPATH_SEARCH_PATHS = "$(inherited) @executable_path/Frameworks @loader_path/Frameworks";
				PRODUCT_BUNDLE_IDENTIFIER = "org.inklabsfoundation.cryptoclient-demo-iosTests";
				PRODUCT_NAME = "$(TARGET_NAME)";
				TARGETED_DEVICE_FAMILY = "1,2";
				TEST_HOST = "$(BUILT_PRODUCTS_DIR)/cryptoclient_demo_ios.app/cryptoclient_demo_ios";
			};
			name = Debug;
		};
		E257365720BE509B00A5BB53 /* Release */ = {
			isa = XCBuildConfiguration;
			buildSettings = {
				BUNDLE_LOADER = "$(TEST_HOST)";
				CODE_SIGN_STYLE = Automatic;
				INFOPLIST_FILE = cryptoclient_demo_iosTests/Info.plist;
				LD_RUNPATH_SEARCH_PATHS = "$(inherited) @executable_path/Frameworks @loader_path/Frameworks";
				PRODUCT_BUNDLE_IDENTIFIER = "org.inklabsfoundation.cryptoclient-demo-iosTests";
				PRODUCT_NAME = "$(TARGET_NAME)";
				TARGETED_DEVICE_FAMILY = "1,2";
				TEST_HOST = "$(BUILT_PRODUCTS_DIR)/cryptoclient_demo_ios.app/cryptoclient_demo_ios";
			};
			name = Release;
		};
		E257365920BE509B00A5BB53 /* Debug */ = {
			isa = XCBuildConfiguration;
			buildSettings = {
				CODE_SIGN_STYLE = Automatic;
				INFOPLIST_FILE = cryptoclient_demo_iosUITests/Info.plist;
				LD_RUNPATH_SEARCH_PATHS = "$(inherited) @executable_path/Frameworks @loader_path/Frameworks";
				PRODUCT_BUNDLE_IDENTIFIER = "org.inklabsfoundation.cryptoclient-demo-iosUITests";
				PRODUCT_NAME = "$(TARGET_NAME)";
				TARGETED_DEVICE_FAMILY = "1,2";
				TEST_TARGET_NAME = cryptoclient_demo_ios;
			};
			name = Debug;
		};
		E257365A20BE509B00A5BB53 /* Release */ = {
			isa = XCBuildConfiguration;
			buildSettings = {
				CODE_SIGN_STYLE = Automatic;
				INFOPLIST_FILE = cryptoclient_demo_iosUITests/Info.plist;
				LD_RUNPATH_SEARCH_PATHS = "$(inherited) @executable_path/Frameworks @loader_path/Frameworks";
				PRODUCT_BUNDLE_IDENTIFIER = "org.inklabsfoundation.cryptoclient-demo-iosUITests";
				PRODUCT_NAME = "$(TARGET_NAME)";
				TARGETED_DEVICE_FAMILY = "1,2";
				TEST_TARGET_NAME = cryptoclient_demo_ios;
			};
			name = Release;
		};
/* End XCBuildConfiguration section */

/* Begin XCConfigurationList section */
		E257362120BE509900A5BB53 /* Build configuration list for PBXProject "cryptoclient_demo_ios" */ = {
			isa = XCConfigurationList;
			buildConfigurations = (
				E257365020BE509B00A5BB53 /* Debug */,
				E257365120BE509B00A5BB53 /* Release */,
			);
			defaultConfigurationIsVisible = 0;
			defaultConfigurationName = Release;
		};
		E257365220BE509B00A5BB53 /* Build configuration list for PBXNativeTarget "cryptoclient_demo_ios" */ = {
			isa = XCConfigurationList;
			buildConfigurations = (
				E257365320BE509B00A5BB53 /* Debug */,
				E257365420BE509B00A5BB53 /* Release */,
			);
			defaultConfigurationIsVisible = 0;
			defaultConfigurationName = Release;
		};
		E257365520BE509B00A5BB53 /* Build configuration list for PBXNativeTarget "cryptoclient_demo_iosTests" */ = {
			isa = XCConfigurationList;
			buildConfigurations = (
				E257365620BE509B00A5BB53 /* Debug */,
				E257365720BE509B00A5BB53 /* Release */,
			);
			defaultConfigurationIsVisible = 0;
			defaultConfigurationName = Release;
		};
		E257365820BE509B00A5BB53 /* Build configuration list for PBXNativeTarget "cryptoclient_demo_iosUITests" */ = {
			isa = XCConfigurationList;
			buildConfigurations = (
				E257365920BE509B00A5BB53 /* Debug */,
				E257365A20BE509B00A5BB53 /* Release */,
			);
			defaultConfigurationIsVisible = 0;
			defaultConfigurationName = Release;
		};
/* End XCConfigurationList section */
	};
	rootObject = E257361E20BE509900A5BB53 /* Project object */;
}
